
Microsoft Visual Studio Solution File, Format Version 12.00
# Visual Studio Version 17
VisualStudioVersion = 17.14.37516.0
MinimumVisualStudioVersion = 10.0.40219.1
Project("{FAE04EC0-301F-11D3-BF4B-00C04F79EFBC}") = "PasswordGenerator", "PasswordGenerator\PasswordGenerator.csproj", "{62C51BAB-5BC5-4509-8B47-471E9CE70934}"
EndProject
Project("{930C7802-8A8C-48F9-8165-68863BCCD9DD}") = "PasswordGeneratorSetup", "PasswordGeneratorSetup\PasswordGeneratorSetup.wixproj", "{8B039A46-4BEB-4206-B7CC-A4ECFA50F306}"
EndProject
Project("{FAE04EC0-301F-11D3-BF4B-00C04F79EFBC}") = "PasswordGeneratorLogic", "PasswordGeneratorLogic\PasswordGeneratorLogic.csproj", "{70CAA48A-EB10-4349-A4E7-F9523F40E03D}"
EndProject
Global
	GlobalSection(SolutionConfigurationPlatforms) = preSolution
		Debug|Any CPU = Debug|Any CPU
		Debug|x86 = Debug|x86
		Release|Any CPU = Release|Any CPU
		Release|x86 = Release|x86
	EndGlobalSection
	GlobalSection(ProjectConfigurationPlatforms) = postSolution
		{62C51BAB-5BC5-4509-8B47-471E9CE70934}.Debug|Any CPU.ActiveCfg = Debug|Any CPU
		{62C51BAB-5BC5-4509-8B47-471E9CE70934}.Debug|Any CPU.Build.0 = Debug|Any CPU
		{62C51BAB-5BC5-4509-8B47-471E9CE70934}.Debug|x86.ActiveCfg = Debug|Any CPU
		{62C51BAB-5BC5-4509-8B47-471E9CE70934}.Debug|x86.Build.0 = Debug|Any CPU
		{62C51BAB-5BC5-4509-8B47-471E9CE70934}.Release|Any CPU.ActiveCfg = Release|Any CPU
		{62C51BAB-5BC5-4509-8B47-471E9CE70934}.Release|Any CPU.Build.0 = Release|Any CPU
		{62C51BAB-5BC5-4509-8B47-471E9CE70934}.Release|x86.ActiveCfg = Release|Any CPU
		{62C51BAB-5BC5-4509-8B47-471E9CE70934}.Release|x86.Build.0 = Release|Any CPU
		{8B039A46-4BEB-4206-B7CC-A4ECFA50F306}.Debug|Any CPU.ActiveCfg = Debug|x86
		{8B039A46-4BEB-4206-B7CC-A4ECFA50F306}.Debug|Any CPU.Build.0 = Debug|x86
		{8B039A46-4BEB-4206-B7CC-A4ECFA50F306}.Debug|x86.ActiveCfg = Debug|x86
		{8B039A46-4BEB-4206-B7CC-A4ECFA50F306}.Debug|x86.Build.0 = Debug|x86
		{8B039A46-4BEB-4206-B7CC-A4ECFA50F306}.Release|Any CPU.ActiveCfg = Release|x86
		{8B039A46-4BEB-4206-B7CC-A4ECFA50F306}.Release|Any CPU.Build.0 = Release|x86
		{8B039A46-4BEB-4206-B7CC-A4ECFA50F306}.Release|x86.ActiveCfg = Release|x86
		{8B039A46-4BEB-4206-B7CC-A4ECFA50F306}.Release|x86.Build.0 = Release|x86
		{70CAA48A-EB10-4349-A4E7-F9523F40E03D}.Debug|Any CPU.ActiveCfg = Debug|Any CPU
		{70CAA48A-EB10-4349-A4E7-F9523F40E03D}.Debug|Any CPU.Build.0 = Debug|Any CPU
		{70CAA48A-EB10-4349-A4E7-F9523F40E03D}.Debug|x86.ActiveCfg = Debug|Any CPU
		{70CAA48A-EB10-4349-A4E7-F9523F40E03D}.Debug|x86.Build.0 = Debug|Any CPU
		{70CAA48A-EB10-4349-A4E7-F9523F40E03D}.Release|Any CPU.ActiveCfg = Release|Any CPU
		{70CAA48A-EB10-4349-A4E7-F9523F40E03D}.Release|Any CPU.Build.0 = Release|Any CPU
		{70CAA48A-EB10-4349-A4E7-F9523F40E03D}.Release|x86.ActiveCfg = Release|Any CPU
		{70CAA48A-EB10-4349-A4E7-F9523F40E03D}.Release|x86.Build.0 = Release|Any CPU
	EndGlobalSection
	GlobalSection(SolutionProperties) = preSolution
		HideSolutionNode = FALSE
	EndGlobalSection
	GlobalSection(ExtensibilityGlobals) = postSolution
		SolutionGuid = {29166CB9-4674-4650-B4BE-E55569D93760}
	EndGlobalSection
EndGlobal
